
Microsoft Visual Studio Solution File, Format Version 12.00
Project("{FAE04EC0-301F-11D3-BF4B-00C04F79EFBC}") = "Template.Data", "Template.Data\Template.Data.csproj", "{C4DC1C5E-7C19-4B73-816E-627128DCEF14}"
EndProject
Project("{FAE04EC0-301F-11D3-BF4B-00C04F79EFBC}") = "Template.Common", "Template.Common\Template.Common.csproj", "{48981E16-4AC9-43FC-AE83-3F5CF9A08F49}"
EndProject
Project("{FAE04EC0-301F-11D3-BF4B-00C04F79EFBC}") = "Template.Api", "Template.Api\Template.Api.csproj", "{F66291DE-C457-4BA0-BA23-BB993CAD01F5}"
EndProject
Project("{FAE04EC0-301F-11D3-BF4B-00C04F79EFBC}") = "Template.Service", "Template.Service\Template.Service.csproj", "{9F8DB668-2AA3-45B3-B33E-5594B691F5B8}"
EndProject
Project("{FAE04EC0-301F-11D3-BF4B-00C04F79EFBC}") = "Template.Middleware", "Template.Middleware\Template.Middleware.csproj", "{D1F4207E-4108-4460-AEDA-234BE10A40FD}"
EndProject
Project("{FAE04EC0-301F-11D3-BF4B-00C04F79EFBC}") = "Template.Mappers", "Template.Mappers\Template.Mappers.csproj", "{D386F8EC-670D-423E-8B4E-8F9F2A62F227}"
EndProject
Project("{FAE04EC0-301F-11D3-BF4B-00C04F79EFBC}") = "Template.Domain", "Template.Domain\Template.Domain.csproj", "{4084CA67-0B1B-475B-9205-DA5F72B82E0E}"
EndProject
Project("{FAE04EC0-301F-11D3-BF4B-00C04F79EFBC}") = "Template.Contracts", "Template.Contracts\Template.Contracts.csproj", "{1E6BCD82-1FB9-4345-AF1A-6E2CE3A03E33}"
EndProject
Project("{FAE04EC0-301F-11D3-BF4B-00C04F79EFBC}") = "Template.Caching", "Template.Caching\Template.Caching.csproj", "{F66DE989-C9FF-4828-9F4B-559E28F9867E}"
EndProject
Project("{FAE04EC0-301F-11D3-BF4B-00C04F79EFBC}") = "Template.BackgroundTasks", "Template.BackgroundTasks\Template.BackgroundTasks.csproj", "{C015324E-6928-42D3-9587-47F3A19B0564}"
EndProject
Global
	GlobalSection(SolutionConfigurationPlatforms) = preSolution
		Debug|Any CPU = Debug|Any CPU
		Release|Any CPU = Release|Any CPU
	EndGlobalSection
	GlobalSection(ProjectConfigurationPlatforms) = postSolution
		{C4DC1C5E-7C19-4B73-816E-627128DCEF14}.Debug|Any CPU.ActiveCfg = Debug|Any CPU
		{C4DC1C5E-7C19-4B73-816E-627128DCEF14}.Debug|Any CPU.Build.0 = Debug|Any CPU
		{C4DC1C5E-7C19-4B73-816E-627128DCEF14}.Release|Any CPU.ActiveCfg = Release|Any CPU
		{C4DC1C5E-7C19-4B73-816E-627128DCEF14}.Release|Any CPU.Build.0 = Release|Any CPU
		{48981E16-4AC9-43FC-AE83-3F5CF9A08F49}.Debug|Any CPU.ActiveCfg = Debug|Any CPU
		{48981E16-4AC9-43FC-AE83-3F5CF9A08F49}.Debug|Any CPU.Build.0 = Debug|Any CPU
		{48981E16-4AC9-43FC-AE83-3F5CF9A08F49}.Release|Any CPU.ActiveCfg = Release|Any CPU
		{48981E16-4AC9-43FC-AE83-3F5CF9A08F49}.Release|Any CPU.Build.0 = Release|Any CPU
		{F66291DE-C457-4BA0-BA23-BB993CAD01F5}.Debug|Any CPU.ActiveCfg = Debug|Any CPU
		{F66291DE-C457-4BA0-BA23-BB993CAD01F5}.Debug|Any CPU.Build.0 = Debug|Any CPU
		{F66291DE-C457-4BA0-BA23-BB993CAD01F5}.Release|Any CPU.ActiveCfg = Release|Any CPU
		{F66291DE-C457-4BA0-BA23-BB993CAD01F5}.Release|Any CPU.Build.0 = Release|Any CPU
		{9F8DB668-2AA3-45B3-B33E-5594B691F5B8}.Debug|Any CPU.ActiveCfg = Debug|Any CPU
		{9F8DB668-2AA3-45B3-B33E-5594B691F5B8}.Debug|Any CPU.Build.0 = Debug|Any CPU
		{9F8DB668-2AA3-45B3-B33E-5594B691F5B8}.Release|Any CPU.ActiveCfg = Release|Any CPU
		{9F8DB668-2AA3-45B3-B33E-5594B691F5B8}.Release|Any CPU.Build.0 = Release|Any CPU
		{D1F4207E-4108-4460-AEDA-234BE10A40FD}.Debug|Any CPU.ActiveCfg = Debug|Any CPU
		{D1F4207E-4108-4460-AEDA-234BE10A40FD}.Debug|Any CPU.Build.0 = Debug|Any CPU
		{D1F4207E-4108-4460-AEDA-234BE10A40FD}.Release|Any CPU.ActiveCfg = Release|Any CPU
		{D1F4207E-4108-4460-AEDA-234BE10A40FD}.Release|Any CPU.Build.0 = Release|Any CPU
		{D386F8EC-670D-423E-8B4E-8F9F2A62F227}.Debug|Any CPU.ActiveCfg = Debug|Any CPU
		{D386F8EC-670D-423E-8B4E-8F9F2A62F227}.Debug|Any CPU.Build.0 = Debug|Any CPU
		{D386F8EC-670D-423E-8B4E-8F9F2A62F227}.Release|Any CPU.ActiveCfg = Release|Any CPU
		{D386F8EC-670D-423E-8B4E-8F9F2A62F227}.Release|Any CPU.Build.0 = Release|Any CPU
		{4084CA67-0B1B-475B-9205-DA5F72B82E0E}.Debug|Any CPU.ActiveCfg = Debug|Any CPU
		{4084CA67-0B1B-475B-9205-DA5F72B82E0E}.Debug|Any CPU.Build.0 = Debug|Any CPU
		{4084CA67-0B1B-475B-9205-DA5F72B82E0E}.Release|Any CPU.ActiveCfg = Release|Any CPU
		{4084CA67-0B1B-475B-9205-DA5F72B82E0E}.Release|Any CPU.Build.0 = Release|Any CPU
		{1E6BCD82-1FB9-4345-AF1A-6E2CE3A03E33}.Debug|Any CPU.ActiveCfg = Debug|Any CPU
		{1E6BCD82-1FB9-4345-AF1A-6E2CE3A03E33}.Debug|Any CPU.Build.0 = Debug|Any CPU
		{1E6BCD82-1FB9-4345-AF1A-6E2CE3A03E33}.Release|Any CPU.ActiveCfg = Release|Any CPU
		{1E6BCD82-1FB9-4345-AF1A-6E2CE3A03E33}.Release|Any CPU.Build.0 = Release|Any CPU
		{F66DE989-C9FF-4828-9F4B-559E28F9867E}.Debug|Any CPU.ActiveCfg = Debug|Any CPU
		{F66DE989-C9FF-4828-9F4B-559E28F9867E}.Debug|Any CPU.Build.0 = Debug|Any CPU
		{F66DE989-C9FF-4828-9F4B-559E28F9867E}.Release|Any CPU.ActiveCfg = Release|Any CPU
		{F66DE989-C9FF-4828-9F4B-559E28F9867E}.Release|Any CPU.Build.0 = Release|Any CPU
		{C015324E-6928-42D3-9587-47F3A19B0564}.Debug|Any CPU.ActiveCfg = Debug|Any CPU
		{C015324E-6928-42D3-9587-47F3A19B0564}.Debug|Any CPU.Build.0 = Debug|Any CPU
		{C015324E-6928-42D3-9587-47F3A19B0564}.Release|Any CPU.ActiveCfg = Release|Any CPU
		{C015324E-6928-42D3-9587-47F3A19B0564}.Release|Any CPU.Build.0 = Release|Any CPU
	EndGlobalSection
EndGlobal
